
Microsoft Visual Studio Solution File, Format Version 12.00
# Visual Studio Version 17
VisualStudioVersion = 17.14.36717.8 d17.14
MinimumVisualStudioVersion = 10.0.40219.1
Project("{FAE04EC0-301F-11D3-BF4B-00C04F79EFBC}") = "UrunStockTakip", "UrunStockTakip\UrunStockTakip.csproj", "{017C23B0-5B4E-4C8B-9DE1-8C8AD52346D2}"
EndProject
Global
	GlobalSection(SolutionConfigurationPlatforms) = preSolution
		Debug|Any CPU = Debug|Any CPU
		Release|Any CPU = Release|Any CPU
	EndGlobalSection
	GlobalSection(ProjectConfigurationPlatforms) = postSolution
		{017C23B0-5B4E-4C8B-9DE1-8C8AD52346D2}.Debug|Any CPU.ActiveCfg = Debug|Any CPU
		{017C23B0-5B4E-4C8B-9DE1-8C8AD52346D2}.Debug|Any CPU.Build.0 = Debug|Any CPU
		{017C23B0-5B4E-4C8B-9DE1-8C8AD52346D2}.Release|Any CPU.ActiveCfg = Release|Any CPU
		{017C23B0-5B4E-4C8B-9DE1-8C8AD52346D2}.Release|Any CPU.Build.0 = Release|Any CPU
	EndGlobalSection
	GlobalSection(SolutionProperties) = preSolution
		HideSolutionNode = FALSE
	EndGlobalSection
	GlobalSection(ExtensibilityGlobals) = postSolution
		SolutionGuid = {F6AE5210-51AF-4C43-B5F7-BB081B29842D}
	EndGlobalSection
EndGlobal
